
Microsoft Visual Studio Solution File, Format Version 12.00
# Visual Studio Version 16
VisualStudioVersion = 16.0.30804.86
MinimumVisualStudioVersion = 10.0.40219.1
Project("{FAE04EC0-301F-11D3-BF4B-00C04F79EFBC}") = "NumberToWord", "NumberToWord\NumberToWord.csproj", "{FFA09043-AC0D-48E4-9E9F-D1AE873F4AB1}"
EndProject
Project("{FAE04EC0-301F-11D3-BF4B-00C04F79EFBC}") = "NumberToWord.Test", "NumberToWord.Test\NumberToWord.Test.csproj", "{2F5F17DB-9026-4F20-B2DE-166BFFEA516B}"
EndProject
Global
	GlobalSection(SolutionConfigurationPlatforms) = preSolution
		Debug|Any CPU = Debug|Any CPU
		Release|Any CPU = Release|Any CPU
	EndGlobalSection
	GlobalSection(ProjectConfigurationPlatforms) = postSolution
		{FFA09043-AC0D-48E4-9E9F-D1AE873F4AB1}.Debug|Any CPU.ActiveCfg = Debug|Any CPU
		{FFA09043-AC0D-48E4-9E9F-D1AE873F4AB1}.Debug|Any CPU.Build.0 = Debug|Any CPU
		{FFA09043-AC0D-48E4-9E9F-D1AE873F4AB1}.Release|Any CPU.ActiveCfg = Release|Any CPU
		{FFA09043-AC0D-48E4-9E9F-D1AE873F4AB1}.Release|Any CPU.Build.0 = Release|Any CPU
		{2F5F17DB-9026-4F20-B2DE-166BFFEA516B}.Debug|Any CPU.ActiveCfg = Debug|Any CPU
		{2F5F17DB-9026-4F20-B2DE-166BFFEA516B}.Debug|Any CPU.Build.0 = Debug|Any CPU
		{2F5F17DB-9026-4F20-B2DE-166BFFEA516B}.Release|Any CPU.ActiveCfg = Release|Any CPU
		{2F5F17DB-9026-4F20-B2DE-166BFFEA516B}.Release|Any CPU.Build.0 = Release|Any CPU
	EndGlobalSection
	GlobalSection(SolutionProperties) = preSolution
		HideSolutionNode = FALSE
	EndGlobalSection
	GlobalSection(ExtensibilityGlobals) = postSolution
		SolutionGuid = {95DCBB29-A4DA-414D-9CEC-B1E80B0FE193}
	EndGlobalSection
EndGlobal
